github.com/disgoorg/godave v0.1.0 h1:3g0Zqzz+zNaxQTVLfCnl5eZKGqZk6cM/JLLbMKCtZQQ=
github.com/disgoorg/godave v0.1.0/go.mod h1:OreAC3hpabr39bMVA+jwOVDq1EUPXH5A0XUBiZaDI1Y=
github.com/disgoorg/godave/golibdave v0.1.0 h1:ga70vTb2pCdFgu+Jq8KteE9qLhezG5dI4H0vB/+6vBQ=
github.com/disgoorg/godave/golibdave v0.1.0/go.mod h1:u9INYjfw/FE0Evjr3dWjaYsaVfQcX+zNf+ZNQjROt6A=
github.com/disgoorg/godave/libdave v0.1.0 h1:1HDvN9ORP23OgV4CDudol/EprgGeTOKuRvANh5eNsow=
github.com/disgoorg/godave/libdave v0.1.0/go.mod h1:CxundbQ722MpK3vD31kaOAxbu1+cFnnEKQDqQ7rpxEM=
github.com/gorilla/websocket v1.4.2 h1:+/TMaTYc4QFitKJxsQ7Yye35DkWvkdLcvGKqM+x0Ufc=
github.com/gorilla/websocket v1.4.2/go.mod h1:YR8l580nyteQvAITg2hZ9XVh4b55+EU/adAjf1fMHhE=
golang.org/x/crypto v0.32.0 h1:euUpcYgM8WcP71gNpTqQCn6rC2t6ULUPiOzfWaXVVfc=
golang.org/x/crypto v0.32.0/go.mod h1:ZnnJkOaASj8g0AjIduWNlq2NRxL0PlBrbKVyZ6V/Ugc=
golang.org/x/sys v0.29.0 h1:TPYlXGxvx1MGTn2GiZDhnjPA9wZzZeGKHHmKhHYvgaU=
golang.org/x/sys v0.29.0/go.mod h1:/VUhepiaJMQUp4+oa/7Zr1D23ma6VTLIYjOOTFZPUcA=
